
Microsoft Visual Studio Solution File, Format Version 12.00
# Visual Studio Version 17
VisualStudioVersion = 17.6.33723.286
MinimumVisualStudioVersion = 10.0.40219.1
Project("{FAE04EC0-301F-11D3-BF4B-00C04F79EFBC}") = "Session4_BoilerPlate", "Session4_BoilerPlate.csproj", "{35F6C43A-4BB4-4832-BFC9-3D8127E3693F}"
EndProject
Global
	GlobalSection(SolutionConfigurationPlatforms) = preSolution
		Debug|Any CPU = Debug|Any CPU
		Release|Any CPU = Release|Any CPU
	EndGlobalSection
	GlobalSection(ProjectConfigurationPlatforms) = postSolution
		{35F6C43A-4BB4-4832-BFC9-3D8127E3693F}.Debug|Any CPU.ActiveCfg = Debug|Any CPU
		{35F6C43A-4BB4-4832-BFC9-3D8127E3693F}.Debug|Any CPU.Build.0 = Debug|Any CPU
		{35F6C43A-4BB4-4832-BFC9-3D8127E3693F}.Release|Any CPU.ActiveCfg = Release|Any CPU
		{35F6C43A-4BB4-4832-BFC9-3D8127E3693F}.Release|Any CPU.Build.0 = Release|Any CPU
	EndGlobalSection
	GlobalSection(SolutionProperties) = preSolution
		HideSolutionNode = FALSE
	EndGlobalSection
	GlobalSection(ExtensibilityGlobals) = postSolution
		SolutionGuid = {3EB5C170-4962-4C2E-87C3-9AD30C847D0E}
	EndGlobalSection
EndGlobal
